
Microsoft Visual Studio Solution File, Format Version 12.00
# Visual Studio Version 17
VisualStudioVersion = 17.10.35013.160
MinimumVisualStudioVersion = 10.0.40219.1
Project("{FAE04EC0-301F-11D3-BF4B-00C04F79EFBC}") = "Api", "Api\Api.csproj", "{1F1E3330-CC77-4CD9-B9DC-32BFB17F3ACB}"
EndProject
Global
	GlobalSection(SolutionConfigurationPlatforms) = preSolution
		Debug|Any CPU = Debug|Any CPU
		Release|Any CPU = Release|Any CPU
	EndGlobalSection
	GlobalSection(ProjectConfigurationPlatforms) = postSolution
		{1F1E3330-CC77-4CD9-B9DC-32BFB17F3ACB}.Debug|Any CPU.ActiveCfg = Debug|Any CPU
		{1F1E3330-CC77-4CD9-B9DC-32BFB17F3ACB}.Debug|Any CPU.Build.0 = Debug|Any CPU
		{1F1E3330-CC77-4CD9-B9DC-32BFB17F3ACB}.Release|Any CPU.ActiveCfg = Release|Any CPU
		{1F1E3330-CC77-4CD9-B9DC-32BFB17F3ACB}.Release|Any CPU.Build.0 = Release|Any CPU
	EndGlobalSection
	GlobalSection(SolutionProperties) = preSolution
		HideSolutionNode = FALSE
	EndGlobalSection
	GlobalSection(ExtensibilityGlobals) = postSolution
		SolutionGuid = {54CB685F-5A64-4D47-A218-AAA09D0D014B}
	EndGlobalSection
EndGlobal
